
Microsoft Visual Studio Solution File, Format Version 12.00
# Visual Studio Version 16
VisualStudioVersion = 16.0.29411.108
MinimumVisualStudioVersion = 10.0.40219.1
Project("{2150E333-8FDC-42A3-9474-1A3956D46DE8}") = "1. Framework", "1. Framework", "{64C4508E-1039-4B0B-A0E3-62C97865BA04}"
EndProject
Project("{2150E333-8FDC-42A3-9474-1A3956D46DE8}") = "2. Clients", "2. Clients", "{85C48B1F-44BF-4A80-BD80-0A28E4BD8DA3}"
EndProject
Project("{2150E333-8FDC-42A3-9474-1A3956D46DE8}") = "3. Gateways", "3. Gateways", "{187D297E-6145-466B-A83F-ECB27562E1F3}"
EndProject
Project("{2150E333-8FDC-42A3-9474-1A3956D46DE8}") = "4. Services", "4. Services", "{813CC20A-EC6B-471C-8262-B434F73AEB7B}"
EndProject
Project("{2150E333-8FDC-42A3-9474-1A3956D46DE8}") = "4.1. Identity Services", "4.1. Identity Services", "{FA7FBEB9-6484-46EE-BE5C-981D86E9ECED}"
EndProject
Project("{2150E333-8FDC-42A3-9474-1A3956D46DE8}") = "4.2. Platform Services", "4.2. Platform Services", "{A3C387AD-50A7-4C3C-88FC-D5BE73FBA4E7}"
EndProject
Project("{2150E333-8FDC-42A3-9474-1A3956D46DE8}") = "4.3. Common Services", "4.3. Common Services", "{CDC08281-B820-4370-ABBD-71AD35B93EA1}"
EndProject
Project("{FAE04EC0-301F-11D3-BF4B-00C04F79EFBC}") = "Aurora.Framework.Common", "Framework\Aurora.Framework.Common\Aurora.Framework.Common.csproj", "{4B140073-554A-448A-977F-7DF57F9B910E}"
EndProject
Project("{FAE04EC0-301F-11D3-BF4B-00C04F79EFBC}") = "Aurora.Framework.Logic", "Framework\Aurora.Framework.Logic\Aurora.Framework.Logic.csproj", "{BE68AE20-36E6-47D9-BCA5-4064CE14AE79}"
EndProject
Global
	GlobalSection(SolutionConfigurationPlatforms) = preSolution
		Debug|Any CPU = Debug|Any CPU
		Release|Any CPU = Release|Any CPU
	EndGlobalSection
	GlobalSection(ProjectConfigurationPlatforms) = postSolution
		{4B140073-554A-448A-977F-7DF57F9B910E}.Debug|Any CPU.ActiveCfg = Debug|Any CPU
		{4B140073-554A-448A-977F-7DF57F9B910E}.Debug|Any CPU.Build.0 = Debug|Any CPU
		{4B140073-554A-448A-977F-7DF57F9B910E}.Release|Any CPU.ActiveCfg = Release|Any CPU
		{4B140073-554A-448A-977F-7DF57F9B910E}.Release|Any CPU.Build.0 = Release|Any CPU
		{BE68AE20-36E6-47D9-BCA5-4064CE14AE79}.Debug|Any CPU.ActiveCfg = Debug|Any CPU
		{BE68AE20-36E6-47D9-BCA5-4064CE14AE79}.Debug|Any CPU.Build.0 = Debug|Any CPU
		{BE68AE20-36E6-47D9-BCA5-4064CE14AE79}.Release|Any CPU.ActiveCfg = Release|Any CPU
		{BE68AE20-36E6-47D9-BCA5-4064CE14AE79}.Release|Any CPU.Build.0 = Release|Any CPU
	EndGlobalSection
	GlobalSection(SolutionProperties) = preSolution
		HideSolutionNode = FALSE
	EndGlobalSection
	GlobalSection(NestedProjects) = preSolution
		{FA7FBEB9-6484-46EE-BE5C-981D86E9ECED} = {813CC20A-EC6B-471C-8262-B434F73AEB7B}
		{A3C387AD-50A7-4C3C-88FC-D5BE73FBA4E7} = {813CC20A-EC6B-471C-8262-B434F73AEB7B}
		{CDC08281-B820-4370-ABBD-71AD35B93EA1} = {813CC20A-EC6B-471C-8262-B434F73AEB7B}
		{4B140073-554A-448A-977F-7DF57F9B910E} = {64C4508E-1039-4B0B-A0E3-62C97865BA04}
		{BE68AE20-36E6-47D9-BCA5-4064CE14AE79} = {64C4508E-1039-4B0B-A0E3-62C97865BA04}
	EndGlobalSection
	GlobalSection(ExtensibilityGlobals) = postSolution
		SolutionGuid = {188DFC42-24F9-48C8-86D3-88AD5EFD2284}
	EndGlobalSection
EndGlobal
